{
  "version": 4,
  "terraform_version": "1.5.1",
  "serial": 17,
  "lineage": "df1aeba3-66e2-263b-091f-b988c1452bb8",
  "outputs": {},
  "resources": [
    {
      "mode": "data",
      "type": "azurerm_resource_group",
      "name": "dns_private_resolver_mel_rg",
      "provider": "provider[\"registry.terraform.io/hashicorp/azurerm\"]",
      "instances": [
        {
          "schema_version": 0,
          "attributes": {
            "id": "/subscriptions/bef80461-1531-4dcd-b748-9669ecbd149c/resourceGroups/dns-private-resolver-prod-mel-rg",
            "location": "australiasoutheast",
            "name": "dns-private-resolver-prod-mel-rg",
            "tags": {},
            "timeouts": null
          },
          "sensitive_attributes": []
        }
      ]
    },
    {
      "mode": "data",
      "type": "azurerm_resource_group",
      "name": "dns_private_resolver_syd_rg",
      "provider": "provider[\"registry.terraform.io/hashicorp/azurerm\"]",
      "instances": [
        {
          "schema_version": 0,
          "attributes": {
            "id": "/subscriptions/bef80461-1531-4dcd-b748-9669ecbd149c/resourceGroups/dns-private-resolver-prod-syd-rg",
            "location": "australiaeast",
            "name": "dns-private-resolver-prod-syd-rg",
            "tags": {},
            "timeouts": null
          },
          "sensitive_attributes": []
        }
      ]
    },
    {
      "mode": "data",
      "type": "azurerm_subnet",
      "name": "subnet_inbound_dns_resolver_mel",
      "provider": "provider[\"registry.terraform.io/hashicorp/azurerm\"]",
      "instances": [
        {
          "schema_version": 0,
          "attributes": {
            "address_prefix": "10.2.0.0/28",
            "address_prefixes": [
              "10.2.0.0/28"
            ],
            "enforce_private_link_endpoint_network_policies": false,
            "enforce_private_link_service_network_policies": false,
            "id": "/subscriptions/bef80461-1531-4dcd-b748-9669ecbd149c/resourceGroups/dns-private-resolver-prod-mel-rg/providers/Microsoft.Network/virtualNetworks/vnet-dns-resolver-mel/subnets/subnet-inbound-dns-resolver-mel",
            "name": "subnet-inbound-dns-resolver-mel",
            "network_security_group_id": "",
            "private_endpoint_network_policies_enabled": true,
            "private_link_service_network_policies_enabled": true,
            "resource_group_name": "dns-private-resolver-prod-mel-rg",
            "route_table_id": "",
            "service_endpoints": [],
            "timeouts": null,
            "virtual_network_name": "vnet-dns-resolver-mel"
          },
          "sensitive_attributes": []
        }
      ]
    },
    {
      "mode": "data",
      "type": "azurerm_subnet",
      "name": "subnet_inbound_dns_resolver_syd",
      "provider": "provider[\"registry.terraform.io/hashicorp/azurerm\"]",
      "instances": [
        {
          "schema_version": 0,
          "attributes": {
            "address_prefix": "10.1.0.0/28",
            "address_prefixes": [
              "10.1.0.0/28"
            ],
            "enforce_private_link_endpoint_network_policies": false,
            "enforce_private_link_service_network_policies": false,
            "id": "/subscriptions/bef80461-1531-4dcd-b748-9669ecbd149c/resourceGroups/dns-private-resolver-prod-syd-rg/providers/Microsoft.Network/virtualNetworks/vnet-dns-resolver-syd/subnets/subnet-inbound-dns-resolver-syd",
            "name": "subnet-inbound-dns-resolver-syd",
            "network_security_group_id": "",
            "private_endpoint_network_policies_enabled": true,
            "private_link_service_network_policies_enabled": true,
            "resource_group_name": "dns-private-resolver-prod-syd-rg",
            "route_table_id": "",
            "service_endpoints": [],
            "timeouts": null,
            "virtual_network_name": "vnet-dns-resolver-syd"
          },
          "sensitive_attributes": []
        }
      ]
    },
    {
      "mode": "data",
      "type": "azurerm_subnet",
      "name": "subnet_outbound_dns_resolver_mel",
      "provider": "provider[\"registry.terraform.io/hashicorp/azurerm\"]",
      "instances": [
        {
          "schema_version": 0,
          "attributes": {
            "address_prefix": "10.2.0.64/28",
            "address_prefixes": [
              "10.2.0.64/28"
            ],
            "enforce_private_link_endpoint_network_policies": false,
            "enforce_private_link_service_network_policies": false,
            "id": "/subscriptions/bef80461-1531-4dcd-b748-9669ecbd149c/resourceGroups/dns-private-resolver-prod-mel-rg/providers/Microsoft.Network/virtualNetworks/vnet-dns-resolver-mel/subnets/subnet-outbound-dns-resolver-mel",
            "name": "subnet-outbound-dns-resolver-mel",
            "network_security_group_id": "",
            "private_endpoint_network_policies_enabled": true,
            "private_link_service_network_policies_enabled": true,
            "resource_group_name": "dns-private-resolver-prod-mel-rg",
            "route_table_id": "",
            "service_endpoints": [],
            "timeouts": null,
            "virtual_network_name": "vnet-dns-resolver-mel"
          },
          "sensitive_attributes": []
        }
      ]
    },
    {
      "mode": "data",
      "type": "azurerm_subnet",
      "name": "subnet_outbound_dns_resolver_syd",
      "provider": "provider[\"registry.terraform.io/hashicorp/azurerm\"]",
      "instances": [
        {
          "schema_version": 0,
          "attributes": {
            "address_prefix": "10.1.0.64/28",
            "address_prefixes": [
              "10.1.0.64/28"
            ],
            "enforce_private_link_endpoint_network_policies": false,
            "enforce_private_link_service_network_policies": false,
            "id": "/subscriptions/bef80461-1531-4dcd-b748-9669ecbd149c/resourceGroups/dns-private-resolver-prod-syd-rg/providers/Microsoft.Network/virtualNetworks/vnet-dns-resolver-syd/subnets/subnet-outbound-dns-resolver-syd",
            "name": "subnet-outbound-dns-resolver-syd",
            "network_security_group_id": "",
            "private_endpoint_network_policies_enabled": true,
            "private_link_service_network_policies_enabled": true,
            "resource_group_name": "dns-private-resolver-prod-syd-rg",
            "route_table_id": "",
            "service_endpoints": [],
            "timeouts": null,
            "virtual_network_name": "vnet-dns-resolver-syd"
          },
          "sensitive_attributes": []
        }
      ]
    },
    {
      "mode": "data",
      "type": "azurerm_virtual_network",
      "name": "dns_private_resolver_mel_vnet",
      "provider": "provider[\"registry.terraform.io/hashicorp/azurerm\"]",
      "instances": [
        {
          "schema_version": 0,
          "attributes": {
            "address_space": [
              "10.2.0.0/20"
            ],
            "dns_servers": [],
            "guid": "6ca8099f-0124-40a1-865c-d830ffbc0770",
            "id": "/subscriptions/bef80461-1531-4dcd-b748-9669ecbd149c/resourceGroups/dns-private-resolver-prod-mel-rg/providers/Microsoft.Network/virtualNetworks/vnet-dns-resolver-mel",
            "location": "australiasoutheast",
            "name": "vnet-dns-resolver-mel",
            "resource_group_name": "dns-private-resolver-prod-mel-rg",
            "subnets": [
              "subnet-outbound-dns-resolver-mel",
              "subnet-inbound-dns-resolver-mel"
            ],
            "tags": {},
            "timeouts": null,
            "vnet_peerings": {},
            "vnet_peerings_addresses": []
          },
          "sensitive_attributes": []
        }
      ]
    },
    {
      "mode": "data",
      "type": "azurerm_virtual_network",
      "name": "dns_private_resolver_syd_vnet",
      "provider": "provider[\"registry.terraform.io/hashicorp/azurerm\"]",
      "instances": [
        {
          "schema_version": 0,
          "attributes": {
            "address_space": [
              "10.1.0.0/20"
            ],
            "dns_servers": [],
            "guid": "b15d4f3e-c019-4235-9e53-44d1349088a7",
            "id": "/subscriptions/bef80461-1531-4dcd-b748-9669ecbd149c/resourceGroups/dns-private-resolver-prod-syd-rg/providers/Microsoft.Network/virtualNetworks/vnet-dns-resolver-syd",
            "location": "australiaeast",
            "name": "vnet-dns-resolver-syd",
            "resource_group_name": "dns-private-resolver-prod-syd-rg",
            "subnets": [
              "subnet-inbound-dns-resolver-syd",
              "subnet-outbound-dns-resolver-syd"
            ],
            "tags": {},
            "timeouts": null,
            "vnet_peerings": {},
            "vnet_peerings_addresses": []
          },
          "sensitive_attributes": []
        }
      ]
    },
    {
      "mode": "managed",
      "type": "azurerm_resource_group",
      "name": "dns_private_resolver_mel_rg",
      "provider": "provider[\"registry.terraform.io/hashicorp/azurerm\"]",
      "instances": [
        {
          "schema_version": 0,
          "attributes": {
            "id": "/subscriptions/bef80461-1531-4dcd-b748-9669ecbd149c/resourceGroups/dns-private-resolver-prod-mel-rg",
            "location": "australiasoutheast",
            "name": "dns-private-resolver-prod-mel-rg",
            "tags": {},
            "timeouts": null
          },
          "sensitive_attributes": [],
          "private": "eyJlMmJmYjczMC1lY2FhLTExZTYtOGY4OC0zNDM2M2JjN2M0YzAiOnsiY3JlYXRlIjo1NDAwMDAwMDAwMDAwLCJkZWxldGUiOjU0MDAwMDAwMDAwMDAsInJlYWQiOjMwMDAwMDAwMDAwMCwidXBkYXRlIjo1NDAwMDAwMDAwMDAwfX0="
        }
      ]
    },
    {
      "mode": "managed",
      "type": "azurerm_resource_group",
      "name": "dns_private_resolver_syd_rg",
      "provider": "provider[\"registry.terraform.io/hashicorp/azurerm\"]",
      "instances": [
        {
          "schema_version": 0,
          "attributes": {
            "id": "/subscriptions/bef80461-1531-4dcd-b748-9669ecbd149c/resourceGroups/dns-private-resolver-prod-syd-rg",
            "location": "australiaeast",
            "name": "dns-private-resolver-prod-syd-rg",
            "tags": {},
            "timeouts": null
          },
          "sensitive_attributes": [],
          "private": "eyJlMmJmYjczMC1lY2FhLTExZTYtOGY4OC0zNDM2M2JjN2M0YzAiOnsiY3JlYXRlIjo1NDAwMDAwMDAwMDAwLCJkZWxldGUiOjU0MDAwMDAwMDAwMDAsInJlYWQiOjMwMDAwMDAwMDAwMCwidXBkYXRlIjo1NDAwMDAwMDAwMDAwfX0="
        }
      ]
    },
    {
      "mode": "managed",
      "type": "azurerm_subnet",
      "name": "subnet_inbound_dns_resolver_mel",
      "provider": "provider[\"registry.terraform.io/hashicorp/azurerm\"]",
      "instances": [
        {
          "schema_version": 0,
          "attributes": {
            "address_prefixes": [
              "10.2.0.0/28"
            ],
            "delegation": [
              {
                "name": "Microsoft.Network.dnsResolvers",
                "service_delegation": [
                  {
                    "actions": [
                      "Microsoft.Network/virtualNetworks/subnets/join/action"
                    ],
                    "name": "Microsoft.Network/dnsResolvers"
                  }
                ]
              }
            ],
            "enforce_private_link_endpoint_network_policies": false,
            "enforce_private_link_service_network_policies": false,
            "id": "/subscriptions/bef80461-1531-4dcd-b748-9669ecbd149c/resourceGroups/dns-private-resolver-prod-mel-rg/providers/Microsoft.Network/virtualNetworks/vnet-dns-resolver-mel/subnets/subnet-inbound-dns-resolver-mel",
            "name": "subnet-inbound-dns-resolver-mel",
            "private_endpoint_network_policies_enabled": true,
            "private_link_service_network_policies_enabled": true,
            "resource_group_name": "dns-private-resolver-prod-mel-rg",
            "service_endpoint_policy_ids": [],
            "service_endpoints": [],
            "timeouts": null,
            "virtual_network_name": "vnet-dns-resolver-mel"
          },
          "sensitive_attributes": [],
          "private": "eyJlMmJmYjczMC1lY2FhLTExZTYtOGY4OC0zNDM2M2JjN2M0YzAiOnsiY3JlYXRlIjoxODAwMDAwMDAwMDAwLCJkZWxldGUiOjE4MDAwMDAwMDAwMDAsInJlYWQiOjMwMDAwMDAwMDAwMCwidXBkYXRlIjoxODAwMDAwMDAwMDAwfX0=",
          "dependencies": [
            "azurerm_resource_group.dns_private_resolver_mel_rg",
            "azurerm_virtual_network.vnet_dns_resolver_mel"
          ]
        }
      ]
    },
    {
      "mode": "managed",
      "type": "azurerm_subnet",
      "name": "subnet_inbound_dns_resolver_syd",
      "provider": "provider[\"registry.terraform.io/hashicorp/azurerm\"]",
      "instances": [
        {
          "schema_version": 0,
          "attributes": {
            "address_prefixes": [
              "10.1.0.0/28"
            ],
            "delegation": [
              {
                "name": "Microsoft.Network.dnsResolvers",
                "service_delegation": [
                  {
                    "actions": [
                      "Microsoft.Network/virtualNetworks/subnets/join/action"
                    ],
                    "name": "Microsoft.Network/dnsResolvers"
                  }
                ]
              }
            ],
            "enforce_private_link_endpoint_network_policies": false,
            "enforce_private_link_service_network_policies": false,
            "id": "/subscriptions/bef80461-1531-4dcd-b748-9669ecbd149c/resourceGroups/dns-private-resolver-prod-syd-rg/providers/Microsoft.Network/virtualNetworks/vnet-dns-resolver-syd/subnets/subnet-inbound-dns-resolver-syd",
            "name": "subnet-inbound-dns-resolver-syd",
            "private_endpoint_network_policies_enabled": true,
            "private_link_service_network_policies_enabled": true,
            "resource_group_name": "dns-private-resolver-prod-syd-rg",
            "service_endpoint_policy_ids": [],
            "service_endpoints": [],
            "timeouts": null,
            "virtual_network_name": "vnet-dns-resolver-syd"
          },
          "sensitive_attributes": [],
          "private": "eyJlMmJmYjczMC1lY2FhLTExZTYtOGY4OC0zNDM2M2JjN2M0YzAiOnsiY3JlYXRlIjoxODAwMDAwMDAwMDAwLCJkZWxldGUiOjE4MDAwMDAwMDAwMDAsInJlYWQiOjMwMDAwMDAwMDAwMCwidXBkYXRlIjoxODAwMDAwMDAwMDAwfX0=",
          "dependencies": [
            "azurerm_resource_group.dns_private_resolver_syd_rg",
            "azurerm_virtual_network.vnet_dns_resolver_syd"
          ]
        }
      ]
    },
    {
      "mode": "managed",
      "type": "azurerm_subnet",
      "name": "subnet_outbound_dns_resolver_mel",
      "provider": "provider[\"registry.terraform.io/hashicorp/azurerm\"]",
      "instances": [
        {
          "schema_version": 0,
          "attributes": {
            "address_prefixes": [
              "10.2.0.64/28"
            ],
            "delegation": [
              {
                "name": "Microsoft.Network.dnsResolvers",
                "service_delegation": [
                  {
                    "actions": [
                      "Microsoft.Network/virtualNetworks/subnets/join/action"
                    ],
                    "name": "Microsoft.Network/dnsResolvers"
                  }
                ]
              }
            ],
            "enforce_private_link_endpoint_network_policies": false,
            "enforce_private_link_service_network_policies": false,
            "id": "/subscriptions/bef80461-1531-4dcd-b748-9669ecbd149c/resourceGroups/dns-private-resolver-prod-mel-rg/providers/Microsoft.Network/virtualNetworks/vnet-dns-resolver-mel/subnets/subnet-outbound-dns-resolver-mel",
            "name": "subnet-outbound-dns-resolver-mel",
            "private_endpoint_network_policies_enabled": true,
            "private_link_service_network_policies_enabled": true,
            "resource_group_name": "dns-private-resolver-prod-mel-rg",
            "service_endpoint_policy_ids": [],
            "service_endpoints": [],
            "timeouts": null,
            "virtual_network_name": "vnet-dns-resolver-mel"
          },
          "sensitive_attributes": [],
          "private": "eyJlMmJmYjczMC1lY2FhLTExZTYtOGY4OC0zNDM2M2JjN2M0YzAiOnsiY3JlYXRlIjoxODAwMDAwMDAwMDAwLCJkZWxldGUiOjE4MDAwMDAwMDAwMDAsInJlYWQiOjMwMDAwMDAwMDAwMCwidXBkYXRlIjoxODAwMDAwMDAwMDAwfX0=",
          "dependencies": [
            "azurerm_resource_group.dns_private_resolver_mel_rg",
            "azurerm_virtual_network.vnet_dns_resolver_mel"
          ]
        }
      ]
    },
    {
      "mode": "managed",
      "type": "azurerm_subnet",
      "name": "subnet_outbound_dns_resolver_syd",
      "provider": "provider[\"registry.terraform.io/hashicorp/azurerm\"]",
      "instances": [
        {
          "schema_version": 0,
          "attributes": {
            "address_prefixes": [
              "10.1.0.64/28"
            ],
            "delegation": [
              {
                "name": "Microsoft.Network.dnsResolvers",
                "service_delegation": [
                  {
                    "actions": [
                      "Microsoft.Network/virtualNetworks/subnets/join/action"
                    ],
                    "name": "Microsoft.Network/dnsResolvers"
                  }
                ]
              }
            ],
            "enforce_private_link_endpoint_network_policies": false,
            "enforce_private_link_service_network_policies": false,
            "id": "/subscriptions/bef80461-1531-4dcd-b748-9669ecbd149c/resourceGroups/dns-private-resolver-prod-syd-rg/providers/Microsoft.Network/virtualNetworks/vnet-dns-resolver-syd/subnets/subnet-outbound-dns-resolver-syd",
            "name": "subnet-outbound-dns-resolver-syd",
            "private_endpoint_network_policies_enabled": true,
            "private_link_service_network_policies_enabled": true,
            "resource_group_name": "dns-private-resolver-prod-syd-rg",
            "service_endpoint_policy_ids": [],
            "service_endpoints": [],
            "timeouts": null,
            "virtual_network_name": "vnet-dns-resolver-syd"
          },
          "sensitive_attributes": [],
          "private": "eyJlMmJmYjczMC1lY2FhLTExZTYtOGY4OC0zNDM2M2JjN2M0YzAiOnsiY3JlYXRlIjoxODAwMDAwMDAwMDAwLCJkZWxldGUiOjE4MDAwMDAwMDAwMDAsInJlYWQiOjMwMDAwMDAwMDAwMCwidXBkYXRlIjoxODAwMDAwMDAwMDAwfX0=",
          "dependencies": [
            "azurerm_resource_group.dns_private_resolver_syd_rg",
            "azurerm_virtual_network.vnet_dns_resolver_syd"
          ]
        }
      ]
    },
    {
      "mode": "managed",
      "type": "azurerm_virtual_network",
      "name": "vnet_dns_resolver_mel",
      "provider": "provider[\"registry.terraform.io/hashicorp/azurerm\"]",
      "instances": [
        {
          "schema_version": 0,
          "attributes": {
            "address_space": [
              "10.2.0.0/20"
            ],
            "bgp_community": "",
            "ddos_protection_plan": [],
            "dns_servers": [],
            "edge_zone": "",
            "flow_timeout_in_minutes": 0,
            "guid": "6ca8099f-0124-40a1-865c-d830ffbc0770",
            "id": "/subscriptions/bef80461-1531-4dcd-b748-9669ecbd149c/resourceGroups/dns-private-resolver-prod-mel-rg/providers/Microsoft.Network/virtualNetworks/vnet-dns-resolver-mel",
            "location": "australiasoutheast",
            "name": "vnet-dns-resolver-mel",
            "resource_group_name": "dns-private-resolver-prod-mel-rg",
            "subnet": [
              {
                "address_prefix": "10.2.0.0/28",
                "id": "/subscriptions/bef80461-1531-4dcd-b748-9669ecbd149c/resourceGroups/dns-private-resolver-prod-mel-rg/providers/Microsoft.Network/virtualNetworks/vnet-dns-resolver-mel/subnets/subnet-inbound-dns-resolver-mel",
                "name": "subnet-inbound-dns-resolver-mel",
                "security_group": ""
              },
              {
                "address_prefix": "10.2.0.64/28",
                "id": "/subscriptions/bef80461-1531-4dcd-b748-9669ecbd149c/resourceGroups/dns-private-resolver-prod-mel-rg/providers/Microsoft.Network/virtualNetworks/vnet-dns-resolver-mel/subnets/subnet-outbound-dns-resolver-mel",
                "name": "subnet-outbound-dns-resolver-mel",
                "security_group": ""
              }
            ],
            "tags": {},
            "timeouts": null
          },
          "sensitive_attributes": [],
          "private": "eyJlMmJmYjczMC1lY2FhLTExZTYtOGY4OC0zNDM2M2JjN2M0YzAiOnsiY3JlYXRlIjoxODAwMDAwMDAwMDAwLCJkZWxldGUiOjE4MDAwMDAwMDAwMDAsInJlYWQiOjMwMDAwMDAwMDAwMCwidXBkYXRlIjoxODAwMDAwMDAwMDAwfX0=",
          "dependencies": [
            "azurerm_resource_group.dns_private_resolver_mel_rg"
          ]
        }
      ]
    },
    {
      "mode": "managed",
      "type": "azurerm_virtual_network",
      "name": "vnet_dns_resolver_syd",
      "provider": "provider[\"registry.terraform.io/hashicorp/azurerm\"]",
      "instances": [
        {
          "schema_version": 0,
          "attributes": {
            "address_space": [
              "10.1.0.0/20"
            ],
            "bgp_community": "",
            "ddos_protection_plan": [],
            "dns_servers": [],
            "edge_zone": "",
            "flow_timeout_in_minutes": 0,
            "guid": "b15d4f3e-c019-4235-9e53-44d1349088a7",
            "id": "/subscriptions/bef80461-1531-4dcd-b748-9669ecbd149c/resourceGroups/dns-private-resolver-prod-syd-rg/providers/Microsoft.Network/virtualNetworks/vnet-dns-resolver-syd",
            "location": "australiaeast",
            "name": "vnet-dns-resolver-syd",
            "resource_group_name": "dns-private-resolver-prod-syd-rg",
            "subnet": [
              {
                "address_prefix": "10.1.0.0/28",
                "id": "/subscriptions/bef80461-1531-4dcd-b748-9669ecbd149c/resourceGroups/dns-private-resolver-prod-syd-rg/providers/Microsoft.Network/virtualNetworks/vnet-dns-resolver-syd/subnets/subnet-inbound-dns-resolver-syd",
                "name": "subnet-inbound-dns-resolver-syd",
                "security_group": ""
              },
              {
                "address_prefix": "10.1.0.64/28",
                "id": "/subscriptions/bef80461-1531-4dcd-b748-9669ecbd149c/resourceGroups/dns-private-resolver-prod-syd-rg/providers/Microsoft.Network/virtualNetworks/vnet-dns-resolver-syd/subnets/subnet-outbound-dns-resolver-syd",
                "name": "subnet-outbound-dns-resolver-syd",
                "security_group": ""
              }
            ],
            "tags": {},
            "timeouts": null
          },
          "sensitive_attributes": [],
          "private": "eyJlMmJmYjczMC1lY2FhLTExZTYtOGY4OC0zNDM2M2JjN2M0YzAiOnsiY3JlYXRlIjoxODAwMDAwMDAwMDAwLCJkZWxldGUiOjE4MDAwMDAwMDAwMDAsInJlYWQiOjMwMDAwMDAwMDAwMCwidXBkYXRlIjoxODAwMDAwMDAwMDAwfX0=",
          "dependencies": [
            "azurerm_resource_group.dns_private_resolver_syd_rg"
          ]
        }
      ]
    },
    {
      "module": "module.dns-private-resolver-mel",
      "mode": "managed",
      "type": "azurerm_private_dns_resolver",
      "name": "dns_private_resolver_prod",
      "provider": "provider[\"registry.terraform.io/hashicorp/azurerm\"]",
      "instances": [
        {
          "schema_version": 0,
          "attributes": {
            "id": "/subscriptions/bef80461-1531-4dcd-b748-9669ecbd149c/resourceGroups/dns-private-resolver-prod-mel-rg/providers/Microsoft.Network/dnsResolvers/dns-private-resolver-prod-mel",
            "location": "australiasoutheast",
            "name": "dns-private-resolver-prod-mel",
            "resource_group_name": "dns-private-resolver-prod-mel-rg",
            "tags": null,
            "timeouts": {
              "create": null,
              "delete": null,
              "read": "30m",
              "update": null
            },
            "virtual_network_id": "/subscriptions/bef80461-1531-4dcd-b748-9669ecbd149c/resourceGroups/dns-private-resolver-prod-mel-rg/providers/Microsoft.Network/virtualNetworks/vnet-dns-resolver-mel"
          },
          "sensitive_attributes": [],
          "private": "eyJlMmJmYjczMC1lY2FhLTExZTYtOGY4OC0zNDM2M2JjN2M0YzAiOnsiY3JlYXRlIjoxODAwMDAwMDAwMDAwLCJkZWxldGUiOjE4MDAwMDAwMDAwMDAsInJlYWQiOjE4MDAwMDAwMDAwMDAsInVwZGF0ZSI6MTgwMDAwMDAwMDAwMH19",
          "dependencies": [
            "data.azurerm_resource_group.dns_private_resolver_mel_rg",
            "data.azurerm_subnet.subnet_inbound_dns_resolver_mel",
            "data.azurerm_subnet.subnet_outbound_dns_resolver_mel",
            "data.azurerm_virtual_network.dns_private_resolver_mel_vnet"
          ]
        }
      ]
    },
    {
      "module": "module.dns-private-resolver-mel",
      "mode": "managed",
      "type": "azurerm_private_dns_resolver_inbound_endpoint",
      "name": "dns_private_resolver_inbound_endpoint",
      "provider": "provider[\"registry.terraform.io/hashicorp/azurerm\"]",
      "instances": [
        {
          "schema_version": 0,
          "attributes": {
            "id": "/subscriptions/bef80461-1531-4dcd-b748-9669ecbd149c/resourceGroups/dns-private-resolver-prod-mel-rg/providers/Microsoft.Network/dnsResolvers/dns-private-resolver-prod-mel/inboundEndpoints/dns-private-resolver-prod-mel-inbound-endpoint",
            "ip_configurations": [
              {
                "private_ip_address": "10.2.0.4",
                "private_ip_allocation_method": "Dynamic",
                "subnet_id": "/subscriptions/bef80461-1531-4dcd-b748-9669ecbd149c/resourceGroups/dns-private-resolver-prod-mel-rg/providers/Microsoft.Network/virtualNetworks/vnet-dns-resolver-mel/subnets/subnet-inbound-dns-resolver-mel"
              }
            ],
            "location": "australiasoutheast",
            "name": "dns-private-resolver-prod-mel-inbound-endpoint",
            "private_dns_resolver_id": "/subscriptions/bef80461-1531-4dcd-b748-9669ecbd149c/resourceGroups/dns-private-resolver-prod-mel-rg/providers/Microsoft.Network/dnsResolvers/dns-private-resolver-prod-mel",
            "tags": null,
            "timeouts": {
              "create": null,
              "delete": null,
              "read": "30m",
              "update": null
            }
          },
          "sensitive_attributes": [],
          "private": "eyJlMmJmYjczMC1lY2FhLTExZTYtOGY4OC0zNDM2M2JjN2M0YzAiOnsiY3JlYXRlIjoxODAwMDAwMDAwMDAwLCJkZWxldGUiOjE4MDAwMDAwMDAwMDAsInJlYWQiOjE4MDAwMDAwMDAwMDAsInVwZGF0ZSI6MTgwMDAwMDAwMDAwMH19",
          "dependencies": [
            "data.azurerm_resource_group.dns_private_resolver_mel_rg",
            "data.azurerm_subnet.subnet_inbound_dns_resolver_mel",
            "data.azurerm_subnet.subnet_outbound_dns_resolver_mel",
            "data.azurerm_virtual_network.dns_private_resolver_mel_vnet",
            "module.dns-private-resolver-mel.azurerm_private_dns_resolver.dns_private_resolver_prod"
          ]
        }
      ]
    },
    {
      "module": "module.dns-private-resolver-mel",
      "mode": "managed",
      "type": "azurerm_private_dns_resolver_outbound_endpoint",
      "name": "dns_private_resolver_outbound_endpoint",
      "provider": "provider[\"registry.terraform.io/hashicorp/azurerm\"]",
      "instances": [
        {
          "schema_version": 0,
          "attributes": {
            "id": "/subscriptions/bef80461-1531-4dcd-b748-9669ecbd149c/resourceGroups/dns-private-resolver-prod-mel-rg/providers/Microsoft.Network/dnsResolvers/dns-private-resolver-prod-mel/outboundEndpoints/dns-private-resolver-prod-mel-outbound-endpoint",
            "location": "australiasoutheast",
            "name": "dns-private-resolver-prod-mel-outbound-endpoint",
            "private_dns_resolver_id": "/subscriptions/bef80461-1531-4dcd-b748-9669ecbd149c/resourceGroups/dns-private-resolver-prod-mel-rg/providers/Microsoft.Network/dnsResolvers/dns-private-resolver-prod-mel",
            "subnet_id": "/subscriptions/bef80461-1531-4dcd-b748-9669ecbd149c/resourceGroups/dns-private-resolver-prod-mel-rg/providers/Microsoft.Network/virtualNetworks/vnet-dns-resolver-mel/subnets/subnet-outbound-dns-resolver-mel",
            "tags": null,
            "timeouts": {
              "create": null,
              "delete": null,
              "read": "30m",
              "update": null
            }
          },
          "sensitive_attributes": [],
          "private": "eyJlMmJmYjczMC1lY2FhLTExZTYtOGY4OC0zNDM2M2JjN2M0YzAiOnsiY3JlYXRlIjoxODAwMDAwMDAwMDAwLCJkZWxldGUiOjE4MDAwMDAwMDAwMDAsInJlYWQiOjE4MDAwMDAwMDAwMDAsInVwZGF0ZSI6MTgwMDAwMDAwMDAwMH19",
          "dependencies": [
            "data.azurerm_resource_group.dns_private_resolver_mel_rg",
            "data.azurerm_subnet.subnet_inbound_dns_resolver_mel",
            "data.azurerm_subnet.subnet_outbound_dns_resolver_mel",
            "data.azurerm_virtual_network.dns_private_resolver_mel_vnet",
            "module.dns-private-resolver-mel.azurerm_private_dns_resolver.dns_private_resolver_prod"
          ]
        }
      ]
    },
    {
      "module": "module.dns-private-resolver-syd",
      "mode": "managed",
      "type": "azurerm_private_dns_resolver",
      "name": "dns_private_resolver_prod",
      "provider": "provider[\"registry.terraform.io/hashicorp/azurerm\"]",
      "instances": [
        {
          "schema_version": 0,
          "attributes": {
            "id": "/subscriptions/bef80461-1531-4dcd-b748-9669ecbd149c/resourceGroups/dns-private-resolver-prod-syd-rg/providers/Microsoft.Network/dnsResolvers/dns-private-resolver-prod-syd",
            "location": "australiaeast",
            "name": "dns-private-resolver-prod-syd",
            "resource_group_name": "dns-private-resolver-prod-syd-rg",
            "tags": null,
            "timeouts": {
              "create": null,
              "delete": null,
              "read": "30m",
              "update": null
            },
            "virtual_network_id": "/subscriptions/bef80461-1531-4dcd-b748-9669ecbd149c/resourceGroups/dns-private-resolver-prod-syd-rg/providers/Microsoft.Network/virtualNetworks/vnet-dns-resolver-syd"
          },
          "sensitive_attributes": [],
          "private": "eyJlMmJmYjczMC1lY2FhLTExZTYtOGY4OC0zNDM2M2JjN2M0YzAiOnsiY3JlYXRlIjoxODAwMDAwMDAwMDAwLCJkZWxldGUiOjE4MDAwMDAwMDAwMDAsInJlYWQiOjE4MDAwMDAwMDAwMDAsInVwZGF0ZSI6MTgwMDAwMDAwMDAwMH19",
          "dependencies": [
            "data.azurerm_resource_group.dns_private_resolver_syd_rg",
            "data.azurerm_subnet.subnet_inbound_dns_resolver_syd",
            "data.azurerm_subnet.subnet_outbound_dns_resolver_syd",
            "data.azurerm_virtual_network.dns_private_resolver_syd_vnet"
          ]
        }
      ]
    },
    {
      "module": "module.dns-private-resolver-syd",
      "mode": "managed",
      "type": "azurerm_private_dns_resolver_inbound_endpoint",
      "name": "dns_private_resolver_inbound_endpoint",
      "provider": "provider[\"registry.terraform.io/hashicorp/azurerm\"]",
      "instances": [
        {
          "schema_version": 0,
          "attributes": {
            "id": "/subscriptions/bef80461-1531-4dcd-b748-9669ecbd149c/resourceGroups/dns-private-resolver-prod-syd-rg/providers/Microsoft.Network/dnsResolvers/dns-private-resolver-prod-syd/inboundEndpoints/dns-private-resolver-prod-syd-inbound-endpoint",
            "ip_configurations": [
              {
                "private_ip_address": "10.1.0.4",
                "private_ip_allocation_method": "Dynamic",
                "subnet_id": "/subscriptions/bef80461-1531-4dcd-b748-9669ecbd149c/resourceGroups/dns-private-resolver-prod-syd-rg/providers/Microsoft.Network/virtualNetworks/vnet-dns-resolver-syd/subnets/subnet-inbound-dns-resolver-syd"
              }
            ],
            "location": "australiaeast",
            "name": "dns-private-resolver-prod-syd-inbound-endpoint",
            "private_dns_resolver_id": "/subscriptions/bef80461-1531-4dcd-b748-9669ecbd149c/resourceGroups/dns-private-resolver-prod-syd-rg/providers/Microsoft.Network/dnsResolvers/dns-private-resolver-prod-syd",
            "tags": null,
            "timeouts": {
              "create": null,
              "delete": null,
              "read": "30m",
              "update": null
            }
          },
          "sensitive_attributes": [],
          "private": "eyJlMmJmYjczMC1lY2FhLTExZTYtOGY4OC0zNDM2M2JjN2M0YzAiOnsiY3JlYXRlIjoxODAwMDAwMDAwMDAwLCJkZWxldGUiOjE4MDAwMDAwMDAwMDAsInJlYWQiOjE4MDAwMDAwMDAwMDAsInVwZGF0ZSI6MTgwMDAwMDAwMDAwMH19",
          "dependencies": [
            "data.azurerm_resource_group.dns_private_resolver_syd_rg",
            "data.azurerm_subnet.subnet_inbound_dns_resolver_syd",
            "data.azurerm_subnet.subnet_outbound_dns_resolver_syd",
            "data.azurerm_virtual_network.dns_private_resolver_syd_vnet",
            "module.dns-private-resolver-syd.azurerm_private_dns_resolver.dns_private_resolver_prod"
          ]
        }
      ]
    },
    {
      "module": "module.dns-private-resolver-syd",
      "mode": "managed",
      "type": "azurerm_private_dns_resolver_outbound_endpoint",
      "name": "dns_private_resolver_outbound_endpoint",
      "provider": "provider[\"registry.terraform.io/hashicorp/azurerm\"]",
      "instances": [
        {
          "schema_version": 0,
          "attributes": {
            "id": "/subscriptions/bef80461-1531-4dcd-b748-9669ecbd149c/resourceGroups/dns-private-resolver-prod-syd-rg/providers/Microsoft.Network/dnsResolvers/dns-private-resolver-prod-syd/outboundEndpoints/dns-private-resolver-prod-syd-outbound-endpoint",
            "location": "australiaeast",
            "name": "dns-private-resolver-prod-syd-outbound-endpoint",
            "private_dns_resolver_id": "/subscriptions/bef80461-1531-4dcd-b748-9669ecbd149c/resourceGroups/dns-private-resolver-prod-syd-rg/providers/Microsoft.Network/dnsResolvers/dns-private-resolver-prod-syd",
            "subnet_id": "/subscriptions/bef80461-1531-4dcd-b748-9669ecbd149c/resourceGroups/dns-private-resolver-prod-syd-rg/providers/Microsoft.Network/virtualNetworks/vnet-dns-resolver-syd/subnets/subnet-outbound-dns-resolver-syd",
            "tags": null,
            "timeouts": {
              "create": null,
              "delete": null,
              "read": "30m",
              "update": null
            }
          },
          "sensitive_attributes": [],
          "private": "eyJlMmJmYjczMC1lY2FhLTExZTYtOGY4OC0zNDM2M2JjN2M0YzAiOnsiY3JlYXRlIjoxODAwMDAwMDAwMDAwLCJkZWxldGUiOjE4MDAwMDAwMDAwMDAsInJlYWQiOjE4MDAwMDAwMDAwMDAsInVwZGF0ZSI6MTgwMDAwMDAwMDAwMH19",
          "dependencies": [
            "data.azurerm_resource_group.dns_private_resolver_syd_rg",
            "data.azurerm_subnet.subnet_inbound_dns_resolver_syd",
            "data.azurerm_subnet.subnet_outbound_dns_resolver_syd",
            "data.azurerm_virtual_network.dns_private_resolver_syd_vnet",
            "module.dns-private-resolver-syd.azurerm_private_dns_resolver.dns_private_resolver_prod"
          ]
        }
      ]
    }
  ],
  "check_results": null
}
